// !$*UTF8*$!
{
	archiveVersion = 1;
	classes = {
	};
	objectVersion = 50;
	objects = {

/* Begin PBXBuildFile section */
		05BB147621FF89EC0011E0F9 /* PeripheralManager.swift in Sources */ = {isa = PBXBuildFile; fileRef = 05BB147521FF89EC0011E0F9 /* PeripheralManager.swift */; };
		05BB147821FF8A170011E0F9 /* ServicesDefine.swift in Sources */ = {isa = PBXBuildFile; fileRef = 05BB147721FF8A170011E0F9 /* ServicesDefine.swift */; };
		05BB147B21FF8A660011E0F9 /* LogUtils.swift in Sources */ = {isa = PBXBuildFile; fileRef = 05BB147A21FF8A660011E0F9 /* LogUtils.swift */; };
		05BB147D21FF8AA90011E0F9 /* Notifications.swift in Sources */ = {isa = PBXBuildFile; fileRef = 05BB147C21FF8AA90011E0F9 /* Notifications.swift */; };
		05BB147F21FFF0E10011E0F9 /* BaseVC.swift in Sources */ = {isa = PBXBuildFile; fileRef = 05BB147E21FFF0E10011E0F9 /* BaseVC.swift */; };
		05D369DC21FF6EF400D8AE26 /* AppDelegate.swift in Sources */ = {isa = PBXBuildFile; fileRef = 05D369DB21FF6EF400D8AE26 /* AppDelegate.swift */; };
		05D369DE21FF6EF400D8AE26 /* PheripheralVC.swift in Sources */ = {isa = PBXBuildFile; fileRef = 05D369DD21FF6EF400D8AE26 /* PheripheralVC.swift */; };
		05D369E021FF6EF700D8AE26 /* Assets.xcassets in Resources */ = {isa = PBXBuildFile; fileRef = 05D369DF21FF6EF700D8AE26 /* Assets.xcassets */; };
		05D369E321FF6EF700D8AE26 /* Main.storyboard in Resources */ = {isa = PBXBuildFile; fileRef = 05D369E121FF6EF700D8AE26 /* Main.storyboard */; };
/* End PBXBuildFile section */

/* Begin PBXFileReference section */
		05BB147521FF89EC0011E0F9 /* PeripheralManager.swift */ = {isa = PBXFileReference; lastKnownFileType = sourcecode.swift; path = PeripheralManager.swift; sourceTree = "<group>"; };
		05BB147721FF8A170011E0F9 /* ServicesDefine.swift */ = {isa = PBXFileReference; lastKnownFileType = sourcecode.swift; path = ServicesDefine.swift; sourceTree = "<group>"; };
		05BB147A21FF8A660011E0F9 /* LogUtils.swift */ = {isa = PBXFileReference; lastKnownFileType = sourcecode.swift; path = LogUtils.swift; sourceTree = "<group>"; };
		05BB147C21FF8AA90011E0F9 /* Notifications.swift */ = {isa = PBXFileReference; lastKnownFileType = sourcecode.swift; path = Notifications.swift; sourceTree = "<group>"; };
		05BB147E21FFF0E10011E0F9 /* BaseVC.swift */ = {isa = PBXFileReference; lastKnownFileType = sourcecode.swift; path = BaseVC.swift; sourceTree = "<group>"; };
		05D369D821FF6EF400D8AE26 /* myPeripheral.app */ = {isa = PBXFileReference; explicitFileType = wrapper.application; includeInIndex = 0; path = myPeripheral.app; sourceTree = BUILT_PRODUCTS_DIR; };
		05D369DB21FF6EF400D8AE26 /* AppDelegate.swift */ = {isa = PBXFileReference; lastKnownFileType = sourcecode.swift; path = AppDelegate.swift; sourceTree = "<group>"; };
		05D369DD21FF6EF400D8AE26 /* PheripheralVC.swift */ = {isa = PBXFileReference; lastKnownFileType = sourcecode.swift; path = PheripheralVC.swift; sourceTree = "<group>"; };
		05D369DF21FF6EF700D8AE26 /* Assets.xcassets */ = {isa = PBXFileReference; lastKnownFileType = folder.assetcatalog; path = Assets.xcassets; sourceTree = "<group>"; };
		05D369E221FF6EF700D8AE26 /* Base */ = {isa = PBXFileReference; lastKnownFileType = file.storyboard; name = Base; path = Base.lproj/Main.storyboard; sourceTree = "<group>"; };
		05D369E421FF6EF700D8AE26 /* Info.plist */ = {isa = PBXFileReference; lastKnownFileType = text.plist.xml; path = Info.plist; sourceTree = "<group>"; };
		05D369E521FF6EF700D8AE26 /* myPeripheral.entitlements */ = {isa = PBXFileReference; lastKnownFileType = text.plist.entitlements; path = myPeripheral.entitlements; sourceTree = "<group>"; };
/* End PBXFileReference section */

/* Begin PBXFrameworksBuildPhase section */
		05D369D521FF6EF400D8AE26 /* Frameworks */ = {
			isa = PBXFrameworksBuildPhase;
			buildActionMask = 2147483647;
			files = (
			);
			runOnlyForDeploymentPostprocessing = 0;
		};
/* End PBXFrameworksBuildPhase section */

/* Begin PBXGroup section */
		05BB147921FF8A340011E0F9 /* Peripheral */ = {
			isa = PBXGroup;
			children = (
				05BB147721FF8A170011E0F9 /* ServicesDefine.swift */,
				05D369DD21FF6EF400D8AE26 /* PheripheralVC.swift */,
				05BB147521FF89EC0011E0F9 /* PeripheralManager.swift */,
				05BB147E21FFF0E10011E0F9 /* BaseVC.swift */,
			);
			path = Peripheral;
			sourceTree = "<group>";
		};
		05D369CF21FF6EF400D8AE26 = {
			isa = PBXGroup;
			children = (
				05D369DA21FF6EF400D8AE26 /* myPeripheral */,
				05D369D921FF6EF400D8AE26 /* Products */,
			);
			sourceTree = "<group>";
		};
		05D369D921FF6EF400D8AE26 /* Products */ = {
			isa = PBXGroup;
			children = (
				05D369D821FF6EF400D8AE26 /* myPeripheral.app */,
			);
			name = Products;
			sourceTree = "<group>";
		};
		05D369DA21FF6EF400D8AE26 /* myPeripheral */ = {
			isa = PBXGroup;
			children = (
				05D369DB21FF6EF400D8AE26 /* AppDelegate.swift */,
				05BB147A21FF8A660011E0F9 /* LogUtils.swift */,
				05BB147C21FF8AA90011E0F9 /* Notifications.swift */,
				05BB147921FF8A340011E0F9 /* Peripheral */,
				05D369DF21FF6EF700D8AE26 /* Assets.xcassets */,
				05D369E121FF6EF700D8AE26 /* Main.storyboard */,
				05D369E421FF6EF700D8AE26 /* Info.plist */,
				05D369E521FF6EF700D8AE26 /* myPeripheral.entitlements */,
			);
			path = myPeripheral;
			sourceTree = "<group>";
		};
/* End PBXGroup section */

/* Begin PBXNativeTarget section */
		05D369D721FF6EF400D8AE26 /* myPeripheral */ = {
			isa = PBXNativeTarget;
			buildConfigurationList = 05D369E821FF6EF700D8AE26 /* Build configuration list for PBXNativeTarget "myPeripheral" */;
			buildPhases = (
				05D369D421FF6EF400D8AE26 /* Sources */,
				05D369D521FF6EF400D8AE26 /* Frameworks */,
				05D369D621FF6EF400D8AE26 /* Resources */,
			);
			buildRules = (
			);
			dependencies = (
			);
			name = myPeripheral;
			productName = myPeripheral;
			productReference = 05D369D821FF6EF400D8AE26 /* myPeripheral.app */;
			productType = "com.apple.product-type.application";
		};
/* End PBXNativeTarget section */

/* Begin PBXProject section */
		05D369D021FF6EF400D8AE26 /* Project object */ = {
			isa = PBXProject;
			attributes = {
				LastSwiftUpdateCheck = 1010;
				LastUpgradeCheck = 1010;
				ORGANIZATIONNAME = "Nguyen Lam";
				TargetAttributes = {
					05D369D721FF6EF400D8AE26 = {
						CreatedOnToolsVersion = 10.1;
						SystemCapabilities = {
							com.apple.Sandbox = {
								enabled = 0;
							};
						};
					};
				};
			};
			buildConfigurationList = 05D369D321FF6EF400D8AE26 /* Build configuration list for PBXProject "myPeripheral" */;
			compatibilityVersion = "Xcode 9.3";
			developmentRegion = en;
			hasScannedForEncodings = 0;
			knownRegions = (
				en,
				Base,
			);
			mainGroup = 05D369CF21FF6EF400D8AE26;
			productRefGroup = 05D369D921FF6EF400D8AE26 /* Products */;
			projectDirPath = "";
			projectRoot = "";
			targets = (
				05D369D721FF6EF400D8AE26 /* myPeripheral */,
			);
		};
/* End PBXProject section */

/* Begin PBXResourcesBuildPhase section */
		05D369D621FF6EF400D8AE26 /* Resources */ = {
			isa = PBXResourcesBuildPhase;
			buildActionMask = 2147483647;
			files = (
				05D369E021FF6EF700D8AE26 /* Assets.xcassets in Resources */,
				05D369E321FF6EF700D8AE26 /* Main.storyboard in Resources */,
			);
			runOnlyForDeploymentPostprocessing = 0;
		};
/* End PBXResourcesBuildPhase section */

/* Begin PBXSourcesBuildPhase section */
		05D369D421FF6EF400D8AE26 /* Sources */ = {
			isa = PBXSourcesBuildPhase;
			buildActionMask = 2147483647;
			files = (
				05BB147D21FF8AA90011E0F9 /* Notifications.swift in Sources */,
				05BB147B21FF8A660011E0F9 /* LogUtils.swift in Sources */,
				05BB147621FF89EC0011E0F9 /* PeripheralManager.swift in Sources */,
				05D369DE21FF6EF400D8AE26 /* PheripheralVC.swift in Sources */,
				05D369DC21FF6EF400D8AE26 /* AppDelegate.swift in Sources */,
				05BB147F21FFF0E10011E0F9 /* BaseVC.swift in Sources */,
				05BB147821FF8A170011E0F9 /* ServicesDefine.swift in Sources */,
			);
			runOnlyForDeploymentPostprocessing = 0;
		};
/* End PBXSourcesBuildPhase section */

/* Begin PBXVariantGroup section */
		05D369E121FF6EF700D8AE26 /* Main.storyboard */ = {
			isa = PBXVariantGroup;
			children = (
				05D369E221FF6EF700D8AE26 /* Base */,
			);
			name = Main.storyboard;
			sourceTree = "<group>";
		};
/* End PBXVariantGroup section */

/* Begin XCBuildConfiguration section */
		05D369E621FF6EF700D8AE26 /* Debug */ = {
			isa = XCBuildConfiguration;
			buildSettings = {
				ALWAYS_SEARCH_USER_PATHS = NO;
				CLANG_ANALYZER_NONNULL = YES;
				CLANG_ANALYZER_NUMBER_OBJECT_CONVERSION = YES_AGGRESSIVE;
				CLANG_CXX_LANGUAGE_STANDARD = "gnu++14";
				CLANG_CXX_LIBRARY = "libc++";
				CLANG_ENABLE_MODULES = YES;
				CLANG_ENABLE_OBJC_ARC = YES;
				CLANG_ENABLE_OBJC_WEAK = YES;
				CLANG_WARN_BLOCK_CAPTURE_AUTORELEASING = YES;
				CLANG_WARN_BOOL_CONVERSION = YES;
				CLANG_WARN_COMMA = YES;
				CLANG_WARN_CONSTANT_CONVERSION = YES;
				CLANG_WARN_DEPRECATED_OBJC_IMPLEMENTATIONS = YES;
				CLANG_WARN_DIRECT_OBJC_ISA_USAGE = YES_ERROR;
				CLANG_WARN_DOCUMENTATION_COMMENTS = YES;
				CLANG_WARN_EMPTY_BODY = YES;
				CLANG_WARN_ENUM_CONVERSION = YES;
				CLANG_WARN_INFINITE_RECURSION = YES;
				CLANG_WARN_INT_CONVERSION = YES;
				CLANG_WARN_NON_LITERAL_NULL_CONVERSION = YES;
				CLANG_WARN_OBJC_IMPLICIT_RETAIN_SELF = YES;
				CLANG_WARN_OBJC_LITERAL_CONVERSION = YES;
				CLANG_WARN_OBJC_ROOT_CLASS = YES_ERROR;
				CLANG_WARN_RANGE_LOOP_ANALYSIS = YES;
				CLANG_WARN_STRICT_PROTOTYPES = YES;
				CLANG_WARN_SUSPICIOUS_MOVE = YES;
				CLANG_WARN_UNGUARDED_AVAILABILITY = YES_AGGRESSIVE;
				CLANG_WARN_UNREACHABLE_CODE = YES;
				CLANG_WARN__DUPLICATE_METHOD_MATCH = YES;
				CODE_SIGN_IDENTITY = "Mac Developer";
				COPY_PHASE_STRIP = NO;
				DEBUG_INFORMATION_FORMAT = dwarf;
				ENABLE_STRICT_OBJC_MSGSEND = YES;
				ENABLE_TESTABILITY = YES;
				GCC_C_LANGUAGE_STANDARD = gnu11;
				GCC_DYNAMIC_NO_PIC = NO;
				GCC_NO_COMMON_BLOCKS = YES;
				GCC_OPTIMIZATION_LEVEL = 0;
				GCC_PREPROCESSOR_DEFINITIONS = (
					"DEBUG=1",
					"$(inherited)",
				);
				GCC_WARN_64_TO_32_BIT_CONVERSION = YES;
				GCC_WARN_ABOUT_RETURN_TYPE = YES_ERROR;
				GCC_WARN_UNDECLARED_SELECTOR = YES;
				GCC_WARN_UNINITIALIZED_AUTOS = YES_AGGRESSIVE;
				GCC_WARN_UNUSED_FUNCTION = YES;
				GCC_WARN_UNUSED_VARIABLE = YES;
				MACOSX_DEPLOYMENT_TARGET = 10.13;
				MTL_ENABLE_DEBUG_INFO = INCLUDE_SOURCE;
				MTL_FAST_MATH = YES;
				ONLY_ACTIVE_ARCH = YES;
				SDKROOT = macosx;
				SWIFT_ACTIVE_COMPILATION_CONDITIONS = DEBUG;
				SWIFT_OPTIMIZATION_LEVEL = "-Onone";
			};
			name = Debug;
		};
		05D369E721FF6EF700D8AE26 /* Release */ = {
			isa = XCBuildConfiguration;
			buildSettings = {
				ALWAYS_SEARCH_USER_PATHS = NO;
				CLANG_ANALYZER_NONNULL = YES;
				CLANG_ANALYZER_NUMBER_OBJECT_CONVERSION = YES_AGGRESSIVE;
				CLANG_CXX_LANGUAGE_STANDARD = "gnu++14";
				CLANG_CXX_LIBRARY = "libc++";
				CLANG_ENABLE_MODULES = YES;
				CLANG_ENABLE_OBJC_ARC = YES;
				CLANG_ENABLE_OBJC_WEAK = YES;
				CLANG_WARN_BLOCK_CAPTURE_AUTORELEASING = YES;
				CLANG_WARN_BOOL_CONVERSION = YES;
				CLANG_WARN_COMMA = YES;
				CLANG_WARN_CONSTANT_CONVERSION = YES;
				CLANG_WARN_DEPRECATED_OBJC_IMPLEMENTATIONS = YES;
				CLANG_WARN_DIRECT_OBJC_ISA_USAGE = YES_ERROR;
				CLANG_WARN_DOCUMENTATION_COMMENTS = YES;
				CLANG_WARN_EMPTY_BODY = YES;
				CLANG_WARN_ENUM_CONVERSION = YES;
				CLANG_WARN_INFINITE_RECURSION = YES;
				CLANG_WARN_INT_CONVERSION = YES;
				CLANG_WARN_NON_LITERAL_NULL_CONVERSION = YES;
				CLANG_WARN_OBJC_IMPLICIT_RETAIN_SELF = YES;
				CLANG_WARN_OBJC_LITERAL_CONVERSION = YES;
				CLANG_WARN_OBJC_ROOT_CLASS = YES_ERROR;
				CLANG_WARN_RANGE_LOOP_ANALYSIS = YES;
				CLANG_WARN_STRICT_PROTOTYPES = YES;
				CLANG_WARN_SUSPICIOUS_MOVE = YES;
				CLANG_WARN_UNGUARDED_AVAILABILITY = YES_AGGRESSIVE;
				CLANG_WARN_UNREACHABLE_CODE = YES;
				CLANG_WARN__DUPLICATE_METHOD_MATCH = YES;
				CODE_SIGN_IDENTITY = "Mac Developer";
				COPY_PHASE_STRIP = NO;
				DEBUG_INFORMATION_FORMAT = "dwarf-with-dsym";
				ENABLE_NS_ASSERTIONS = NO;
				ENABLE_STRICT_OBJC_MSGSEND = YES;
				GCC_C_LANGUAGE_STANDARD = gnu11;
				GCC_NO_COMMON_BLOCKS = YES;
				GCC_WARN_64_TO_32_BIT_CONVERSION = YES;
				GCC_WARN_ABOUT_RETURN_TYPE = YES_ERROR;
				GCC_WARN_UNDECLARED_SELECTOR = YES;
				GCC_WARN_UNINITIALIZED_AUTOS = YES_AGGRESSIVE;
				GCC_WARN_UNUSED_FUNCTION = YES;
				GCC_WARN_UNUSED_VARIABLE = YES;
				MACOSX_DEPLOYMENT_TARGET = 10.13;
				MTL_ENABLE_DEBUG_INFO = NO;
				MTL_FAST_MATH = YES;
				SDKROOT = macosx;
				SWIFT_COMPILATION_MODE = wholemodule;
				SWIFT_OPTIMIZATION_LEVEL = "-O";
			};
			name = Release;
		};
		05D369E921FF6EF700D8AE26 /* Debug */ = {
			isa = XCBuildConfiguration;
			buildSettings = {
				ASSETCATALOG_COMPILER_APPICON_NAME = AppIcon;
				CODE_SIGN_STYLE = Automatic;
				COMBINE_HIDPI_IMAGES = YES;
				DEVELOPMENT_TEAM = 262A8C7KHX;
				INFOPLIST_FILE = myPeripheral/Info.plist;
				LD_RUNPATH_SEARCH_PATHS = (
					"$(inherited)",
					"@executable_path/../Frameworks",
				);
				PRODUCT_BUNDLE_IDENTIFIER = com.fpt.myPeripheral;
				PRODUCT_NAME = "$(TARGET_NAME)";
				SWIFT_VERSION = 4.2;
			};
			name = Debug;
		};
		05D369EA21FF6EF700D8AE26 /* Release */ = {
			isa = XCBuildConfiguration;
			buildSettings = {
				ASSETCATALOG_COMPILER_APPICON_NAME = AppIcon;
				CODE_SIGN_STYLE = Automatic;
				COMBINE_HIDPI_IMAGES = YES;
				DEVELOPMENT_TEAM = 262A8C7KHX;
				INFOPLIST_FILE = myPeripheral/Info.plist;
				LD_RUNPATH_SEARCH_PATHS = (
					"$(inherited)",
					"@executable_path/../Frameworks",
				);
				PRODUCT_BUNDLE_IDENTIFIER = com.fpt.myPeripheral;
				PRODUCT_NAME = "$(TARGET_NAME)";
				SWIFT_VERSION = 4.2;
			};
			name = Release;
		};
/* End XCBuildConfiguration section */

/* Begin XCConfigurationList section */
		05D369D321FF6EF400D8AE26 /* Build configuration list for PBXProject "myPeripheral" */ = {
			isa = XCConfigurationList;
			buildConfigurations = (
				05D369E621FF6EF700D8AE26 /* Debug */,
				05D369E721FF6EF700D8AE26 /* Release */,
			);
			defaultConfigurationIsVisible = 0;
			defaultConfigurationName = Release;
		};
		05D369E821FF6EF700D8AE26 /* Build configuration list for PBXNativeTarget "myPeripheral" */ = {
			isa = XCConfigurationList;
			buildConfigurations = (
				05D369E921FF6EF700D8AE26 /* Debug */,
				05D369EA21FF6EF700D8AE26 /* Release */,
			);
			defaultConfigurationIsVisible = 0;
			defaultConfigurationName = Release;
		};
/* End XCConfigurationList section */
	};
	rootObject = 05D369D021FF6EF400D8AE26 /* Project object */;
}
